
Microsoft Visual Studio Solution File, Format Version 12.00
# Visual Studio Version 16
VisualStudioVersion = 16.0.30717.126
MinimumVisualStudioVersion = 10.0.40219.1
Project("{FAE04EC0-301F-11D3-BF4B-00C04F79EFBC}") = "NumberGuesse", "NumberGuesse\NumberGuesse.csproj", "{2E3561F9-13B3-4957-B63D-A2C0C5D7588A}"
EndProject
Global
	GlobalSection(SolutionConfigurationPlatforms) = preSolution
		Debug|Any CPU = Debug|Any CPU
		Release|Any CPU = Release|Any CPU
	EndGlobalSection
	GlobalSection(ProjectConfigurationPlatforms) = postSolution
		{2E3561F9-13B3-4957-B63D-A2C0C5D7588A}.Debug|Any CPU.ActiveCfg = Debug|Any CPU
		{2E3561F9-13B3-4957-B63D-A2C0C5D7588A}.Debug|Any CPU.Build.0 = Debug|Any CPU
		{2E3561F9-13B3-4957-B63D-A2C0C5D7588A}.Release|Any CPU.ActiveCfg = Release|Any CPU
		{2E3561F9-13B3-4957-B63D-A2C0C5D7588A}.Release|Any CPU.Build.0 = Release|Any CPU
	EndGlobalSection
	GlobalSection(SolutionProperties) = preSolution
		HideSolutionNode = FALSE
	EndGlobalSection
	GlobalSection(ExtensibilityGlobals) = postSolution
		SolutionGuid = {A7A8E2A8-C93C-47A2-AF05-2E8D959321B1}
	EndGlobalSection
EndGlobal
